# THIS IS AN AUTOGENERATED FILE. DO NOT EDIT THIS FILE DIRECTLY.
# yarn lockfile v1


accepts@~1.0.7:
  version "1.0.7"
  resolved "https://registry.yarnpkg.com/accepts/-/accepts-1.0.7.tgz#5b501fb4f0704309964ccdb048172541208dab1a"
  integrity sha1-W1AftPBwQwmWTM2wSBclQSCNqxo=
  dependencies:
    mime-types "~1.0.0"
    negotiator "0.4.7"

basic-auth@~2.0.0:
  version "2.0.1"
  resolved "https://registry.yarnpkg.com/basic-auth/-/basic-auth-2.0.1.tgz#b998279bf47ce38344b4f3cf916d4679bbf51e3a"
  integrity sha512-NF+epuEdnUYVlGuhaxbbq+dvJttwLnGY+YixlXlME5KpQ5W3CnXA5cVTneY3SPbPDRkcjMbifrwmFYcClgOZeg==
  dependencies:
    safe-buffer "5.1.2"

body-parser@~1.5.2:
  version "1.5.2"
  resolved "https://registry.yarnpkg.com/body-parser/-/body-parser-1.5.2.tgz#beebacac741b83f62c9137d5685196e1a44304ab"
  integrity sha1-vuusrHQbg/YskTfVaFGW4aRDBKs=
  dependencies:
    bytes "1.0.0"
    depd "0.4.4"
    iconv-lite "0.4.4"
    media-typer "0.2.0"
    qs "0.6.6"
    raw-body "1.3.0"
    type-is "~1.3.2"

buffer-crc32@0.2.3:
  version "0.2.3"
  resolved "https://registry.yarnpkg.com/buffer-crc32/-/buffer-crc32-0.2.3.tgz#bb54519e95d107cbd2400e76d0cab1467336d921"
  integrity sha1-u1RRnpXRB8vSQA520MqxRnM22SE=

bytes@1, bytes@1.0.0:
  version "1.0.0"
  resolved "https://registry.yarnpkg.com/bytes/-/bytes-1.0.0.tgz#3569ede8ba34315fab99c3e92cb04c7220de1fa8"
  integrity sha1-NWnt6Lo0MV+rmcPpLLBMciDeH6g=

cookie-signature@1.0.4:
  version "1.0.4"
  resolved "https://registry.yarnpkg.com/cookie-signature/-/cookie-signature-1.0.4.tgz#0edd22286e3a111b9a2a70db363e925e867f6aca"
  integrity sha1-Dt0iKG46ERuaKnDbNj6SXoZ/aso=

cookie@0.1.2:
  version "0.1.2"
  resolved "https://registry.yarnpkg.com/cookie/-/cookie-0.1.2.tgz#72fec3d24e48a3432073d90c12642005061004b1"
  integrity sha1-cv7D0k5Io0Mgc9kMEmQgBQYQBLE=

debug@1.0.4:
  version "1.0.4"
  resolved "https://registry.yarnpkg.com/debug/-/debug-1.0.4.tgz#5b9c256bd54b6ec02283176fa8a0ede6d154cbf8"
  integrity sha1-W5wla9VLbsAigxdvqKDt5tFUy/g=
  dependencies:
    ms "0.6.2"

debug@2.6.9:
  version "2.6.9"
  resolved "https://registry.yarnpkg.com/debug/-/debug-2.6.9.tgz#5d128515df134ff327e90a4c93f4e077a536341f"
  integrity sha512-bC7ElrdJaJnPbAP+1EotYvqZsb3ecl5wi6Bfi6BJTUcNowp6cvspg0jXznRTKDjm/E7AdgFBVeAPVMNcKGsHMA==
  dependencies:
    ms "2.0.0"

depd@0.4.4:
  version "0.4.4"
  resolved "https://registry.yarnpkg.com/depd/-/depd-0.4.4.tgz#07091fae75f97828d89b4a02a2d4778f0e7c0662"
  integrity sha1-BwkfrnX5eCjYm0oCotR3jw58BmI=

depd@~1.1.2:
  version "1.1.2"
  resolved "https://registry.yarnpkg.com/depd/-/depd-1.1.2.tgz#9bcd52e14c097763e749b274c4346ed2e560b5a9"
  integrity sha1-m81S4UwJd2PnSbJ0xDRu0uVgtak=

ee-first@1.0.3:
  version "1.0.3"
  resolved "https://registry.yarnpkg.com/ee-first/-/ee-first-1.0.3.tgz#6c98c4089abecb5a7b85c1ac449aa603d3b3dabe"
  integrity sha1-bJjECJq+y1p7hcGsRJqmA9Oz2r4=

ee-first@1.1.1:
  version "1.1.1"
  resolved "https://registry.yarnpkg.com/ee-first/-/ee-first-1.1.1.tgz#590c61156b0ae2f4f0255732a158b266bc56b21d"
  integrity sha1-WQxhFWsK4vTwJVcyoViyZrxWsh0=

escape-html@1.0.1:
  version "1.0.1"
  resolved "https://registry.yarnpkg.com/escape-html/-/escape-html-1.0.1.tgz#181a286ead397a39a92857cfb1d43052e356bff0"
  integrity sha1-GBoobq05ejmpKFfPsdQwUuNWv/A=

express@~4.7.2:
  version "4.7.4"
  resolved "https://registry.yarnpkg.com/express/-/express-4.7.4.tgz#caf59389cf0b31b1314bf44d3355c2a80cfa217c"
  integrity sha1-yvWTic8LMbExS/RNM1XCqAz6IXw=
  dependencies:
    accepts "~1.0.7"
    buffer-crc32 "0.2.3"
    cookie "0.1.2"
    cookie-signature "1.0.4"
    debug "1.0.4"
    depd "0.4.4"
    escape-html "1.0.1"
    finalhandler "0.1.0"
    fresh "0.2.2"
    media-typer "0.2.0"
    merge-descriptors "0.0.2"
    methods "1.1.0"
    parseurl "~1.2.0"
    path-to-regexp "0.1.3"
    proxy-addr "1.0.1"
    qs "0.6.6"
    range-parser "1.0.0"
    send "0.7.4"
    serve-static "~1.4.4"
    type-is "~1.3.2"
    utils-merge "1.0.0"
    vary "0.1.0"

finalhandler@0.1.0:
  version "0.1.0"
  resolved "https://registry.yarnpkg.com/finalhandler/-/finalhandler-0.1.0.tgz#da05bbc4f5f4a30c84ce1d91f3c154007c4e9daa"
  integrity sha1-2gW7xPX0owyEzh2R88FUAHxOnao=
  dependencies:
    debug "1.0.4"
    escape-html "1.0.1"

finished@1.2.2:
  version "1.2.2"
  resolved "https://registry.yarnpkg.com/finished/-/finished-1.2.2.tgz#41608eafadfd65683b46a1220bc4b1ec3daedcd8"
  integrity sha1-QWCOr639ZWg7RqEiC8Sx7D2u3Ng=
  dependencies:
    ee-first "1.0.3"

fresh@0.2.2:
  version "0.2.2"
  resolved "https://registry.yarnpkg.com/fresh/-/fresh-0.2.2.tgz#9731dcf5678c7faeb44fb903c4f72df55187fa77"
  integrity sha1-lzHc9WeMf660T7kDxPct9VGH+nc=

iconv-lite@0.4.4:
  version "0.4.4"
  resolved "https://registry.yarnpkg.com/iconv-lite/-/iconv-lite-0.4.4.tgz#e95f2e41db0735fc21652f7827a5ee32e63c83a8"
  integrity sha1-6V8uQdsHNfwhZS94J6XuMuY8g6g=

ipaddr.js@0.1.2:
  version "0.1.2"
  resolved "https://registry.yarnpkg.com/ipaddr.js/-/ipaddr.js-0.1.2.tgz#6a1fd3d854f5002965c34d7bbcd9b4a8d4b0467e"
  integrity sha1-ah/T2FT1ACllw017vNm0qNSwRn4=

media-typer@0.2.0:
  version "0.2.0"
  resolved "https://registry.yarnpkg.com/media-typer/-/media-typer-0.2.0.tgz#d8a065213adfeaa2e76321a2b6dda36ff6335984"
  integrity sha1-2KBlITrf6qLnYyGitt2jb/YzWYQ=

merge-descriptors@0.0.2:
  version "0.0.2"
  resolved "https://registry.yarnpkg.com/merge-descriptors/-/merge-descriptors-0.0.2.tgz#c36a52a781437513c57275f39dd9d317514ac8c7"
  integrity sha1-w2pSp4FDdRPFcnXzndnTF1FKyMc=

method-override@~2.1.2:
  version "2.1.3"
  resolved "https://registry.yarnpkg.com/method-override/-/method-override-2.1.3.tgz#511f41c4fb1dccdb6ab1844da5dc6ea81b7c1135"
  integrity sha1-UR9BxPsdzNtqsYRNpdxuqBt8ETU=
  dependencies:
    debug "1.0.4"
    methods "1.1.0"
    parseurl "~1.3.0"
    vary "~1.0.0"

methods@1.1.0:
  version "1.1.0"
  resolved "https://registry.yarnpkg.com/methods/-/methods-1.1.0.tgz#5dca4ee12df52ff3b056145986a8f01cbc86436f"
  integrity sha1-XcpO4S31L/OwVhRZhqjwHLyGQ28=

mime-types@~1.0.0, mime-types@~1.0.1:
  version "1.0.2"
  resolved "https://registry.yarnpkg.com/mime-types/-/mime-types-1.0.2.tgz#995ae1392ab8affcbfcb2641dd054e943c0d5dce"
  integrity sha1-mVrhOSq4r/y/yyZB3QVOlDwNXc4=

mime@1.2.11:
  version "1.2.11"
  resolved "https://registry.yarnpkg.com/mime/-/mime-1.2.11.tgz#58203eed86e3a5ef17aed2b7d9ebd47f0a60dd10"
  integrity sha1-WCA+7Ybjpe8XrtK32evUfwpg3RA=

morgan@^1.9.1:
  version "1.9.1"
  resolved "https://registry.yarnpkg.com/morgan/-/morgan-1.9.1.tgz#0a8d16734a1d9afbc824b99df87e738e58e2da59"
  integrity sha512-HQStPIV4y3afTiCYVxirakhlCfGkI161c76kKFca7Fk1JusM//Qeo1ej2XaMniiNeaZklMVrh3vTtIzpzwbpmA==
  dependencies:
    basic-auth "~2.0.0"
    debug "2.6.9"
    depd "~1.1.2"
    on-finished "~2.3.0"
    on-headers "~1.0.1"

ms@0.6.2:
  version "0.6.2"
  resolved "https://registry.yarnpkg.com/ms/-/ms-0.6.2.tgz#d89c2124c6fdc1353d65a8b77bf1aac4b193708c"
  integrity sha1-2JwhJMb9wTU9Zai3e/GqxLGTcIw=

ms@2.0.0:
  version "2.0.0"
  resolved "https://registry.yarnpkg.com/ms/-/ms-2.0.0.tgz#5608aeadfc00be6c2901df5f9861788de0d597c8"
  integrity sha1-VgiurfwAvmwpAd9fmGF4jeDVl8g=

negotiator@0.4.7:
  version "0.4.7"
  resolved "https://registry.yarnpkg.com/negotiator/-/negotiator-0.4.7.tgz#a4160f7177ec806738631d0d3052325da42abdc8"
  integrity sha1-pBYPcXfsgGc4Yx0NMFIyXaQqvcg=

on-finished@~2.3.0:
  version "2.3.0"
  resolved "https://registry.yarnpkg.com/on-finished/-/on-finished-2.3.0.tgz#20f1336481b083cd75337992a16971aa2d906947"
  integrity sha1-IPEzZIGwg811M3mSoWlxqi2QaUc=
  dependencies:
    ee-first "1.1.1"

on-headers@~1.0.1:
  version "1.0.2"
  resolved "https://registry.yarnpkg.com/on-headers/-/on-headers-1.0.2.tgz#772b0ae6aaa525c399e489adfad90c403eb3c28f"
  integrity sha512-pZAE+FJLoyITytdqK0U5s+FIpjN0JP3OzFi/u8Rx+EV5/W+JTWGXG8xFzevE7AjBfDqHv/8vL8qQsIhHnqRkrA==

parseurl@~1.2.0:
  version "1.2.0"
  resolved "https://registry.yarnpkg.com/parseurl/-/parseurl-1.2.0.tgz#be7df2d698eb49ffb10ea62939693e152991c008"
  integrity sha1-vn3y1pjrSf+xDqYpOWk+FSmRwAg=

parseurl@~1.3.0:
  version "1.3.2"
  resolved "https://registry.yarnpkg.com/parseurl/-/parseurl-1.3.2.tgz#fc289d4ed8993119460c156253262cdc8de65bf3"
  integrity sha1-/CidTtiZMRlGDBViUyYs3I3mW/M=

path-to-regexp@0.1.3:
  version "0.1.3"
  resolved "https://registry.yarnpkg.com/path-to-regexp/-/path-to-regexp-0.1.3.tgz#21b9ab82274279de25b156ea08fd12ca51b8aecb"
  integrity sha1-IbmrgidCed4lsVbqCP0SylG4rss=

proxy-addr@1.0.1:
  version "1.0.1"
  resolved "https://registry.yarnpkg.com/proxy-addr/-/proxy-addr-1.0.1.tgz#c7c566d5eb4e3fad67eeb9c77c5558ccc39b88a8"
  integrity sha1-x8Vm1etOP61n7rnHfFVYzMObiKg=
  dependencies:
    ipaddr.js "0.1.2"

qs@0.6.6:
  version "0.6.6"
  resolved "https://registry.yarnpkg.com/qs/-/qs-0.6.6.tgz#6e015098ff51968b8a3c819001d5f2c89bc4b107"
  integrity sha1-bgFQmP9RlouKPIGQAdXyyJvEsQc=

range-parser@1.0.0:
  version "1.0.0"
  resolved "https://registry.yarnpkg.com/range-parser/-/range-parser-1.0.0.tgz#a4b264cfe0be5ce36abe3765ac9c2a248746dbc0"
  integrity sha1-pLJkz+C+XONqvjdlrJwqJIdG28A=

range-parser@~1.0.0:
  version "1.0.3"
  resolved "https://registry.yarnpkg.com/range-parser/-/range-parser-1.0.3.tgz#6872823535c692e2c2a0103826afd82c2e0ff175"
  integrity sha1-aHKCNTXGkuLCoBA4Jq/YLC4P8XU=

raw-body@1.3.0:
  version "1.3.0"
  resolved "https://registry.yarnpkg.com/raw-body/-/raw-body-1.3.0.tgz#978230a156a5548f42eef14de22d0f4f610083d1"
  integrity sha1-l4IwoValVI9C7vFN4i0PT2EAg9E=
  dependencies:
    bytes "1"
    iconv-lite "0.4.4"

safe-buffer@5.1.2:
  version "5.1.2"
  resolved "https://registry.yarnpkg.com/safe-buffer/-/safe-buffer-5.1.2.tgz#991ec69d296e0313747d59bdfd2b745c35f8828d"
  integrity sha512-Gd2UZBJDkXlY7GbJxfsE8/nvKkUEU1G38c1siN6QP6a9PT9MmHB8GnpscSmMJSoF8LOIrt8ud/wPtojys4G6+g==

send@0.7.4:
  version "0.7.4"
  resolved "https://registry.yarnpkg.com/send/-/send-0.7.4.tgz#c80a084cb8eb940345f3ab4ce9e4ee25cb6647cb"
  integrity sha1-yAoITLjrlANF86tM6eTuJctmR8s=
  dependencies:
    debug "1.0.4"
    depd "0.4.4"
    escape-html "1.0.1"
    finished "1.2.2"
    fresh "0.2.2"
    mime "1.2.11"
    ms "0.6.2"
    range-parser "~1.0.0"

serve-static@~1.4.4:
  version "1.4.4"
  resolved "https://registry.yarnpkg.com/serve-static/-/serve-static-1.4.4.tgz#9dc99f37a2c5e28cda2fe6045114620a62032f29"
  integrity sha1-ncmfN6LF4ozaL+YEURRiCmIDLyk=
  dependencies:
    escape-html "1.0.1"
    parseurl "~1.2.0"
    send "0.7.4"

type-is@~1.3.2:
  version "1.3.2"
  resolved "https://registry.yarnpkg.com/type-is/-/type-is-1.3.2.tgz#4f2a5dc58775ca1630250afc7186f8b36309d1bb"
  integrity sha1-TypdxYd1yhYwJQr8cYb4s2MJ0bs=
  dependencies:
    media-typer "0.2.0"
    mime-types "~1.0.1"

utils-merge@1.0.0:
  version "1.0.0"
  resolved "https://registry.yarnpkg.com/utils-merge/-/utils-merge-1.0.0.tgz#0294fb922bb9375153541c4f7096231f287c8af8"
  integrity sha1-ApT7kiu5N1FTVBxPcJYjHyh8ivg=

vary@0.1.0:
  version "0.1.0"
  resolved "https://registry.yarnpkg.com/vary/-/vary-0.1.0.tgz#df0945899e93c0cc5bd18cc8321d9d21e74f6176"
  integrity sha1-3wlFiZ6TwMxb0YzIMh2dIedPYXY=

vary@~1.0.0:
  version "1.0.1"
  resolved "https://registry.yarnpkg.com/vary/-/vary-1.0.1.tgz#99e4981566a286118dfb2b817357df7993376d10"
  integrity sha1-meSYFWaihhGN+yuBc1ffeZM3bRA=
